
Microsoft Visual Studio Solution File, Format Version 12.00
# Visual Studio Version 17
VisualStudioVersion = 17.8.34525.116
MinimumVisualStudioVersion = 10.0.40219.1
Project("{9A19103F-16F7-4668-BE54-9A1E7A4F7556}") = "poe", "uhj\poe.csproj", "{AD6B2DFD-FC7C-41F6-B897-9698E14FD941}"
EndProject
Global
	GlobalSection(SolutionConfigurationPlatforms) = preSolution
		Debug|Any CPU = Debug|Any CPU
		Release|Any CPU = Release|Any CPU
	EndGlobalSection
	GlobalSection(ProjectConfigurationPlatforms) = postSolution
		{AD6B2DFD-FC7C-41F6-B897-9698E14FD941}.Debug|Any CPU.ActiveCfg = Debug|Any CPU
		{AD6B2DFD-FC7C-41F6-B897-9698E14FD941}.Debug|Any CPU.Build.0 = Debug|Any CPU
		{AD6B2DFD-FC7C-41F6-B897-9698E14FD941}.Release|Any CPU.ActiveCfg = Release|Any CPU
		{AD6B2DFD-FC7C-41F6-B897-9698E14FD941}.Release|Any CPU.Build.0 = Release|Any CPU
	EndGlobalSection
	GlobalSection(SolutionProperties) = preSolution
		HideSolutionNode = FALSE
	EndGlobalSection
	GlobalSection(ExtensibilityGlobals) = postSolution
		SolutionGuid = {1F62E010-3CDC-439D-A137-3CF0B599089C}
	EndGlobalSection
EndGlobal
